{
    "version": 3,
    "terraform_version": "0.8.6",
    "serial": 15,
    "lineage": "f7ebfa81-86cf-4f5a-a1ab-6bd87e7e498d",
    "modules": [
        {
            "path": [
                "root"
            ],
            "outputs": {},
            "resources": {
                "aws_instance.docker_test": {
                    "type": "aws_instance",
                    "depends_on": [],
                    "primary": {
                        "id": "i-0b717537463f4bf8e",
                        "attributes": {
                            "ami": "ami-13be557e",
                            "associate_public_ip_address": "true",
                            "availability_zone": "us-east-1d",
                            "disable_api_termination": "false",
                            "ebs_block_device.#": "0",
                            "ebs_optimized": "false",
                            "ephemeral_block_device.#": "0",
                            "iam_instance_profile": "",
                            "id": "i-0b717537463f4bf8e",
                            "instance_state": "running",
                            "instance_type": "t2.micro",
                            "key_name": "darksim",
                            "monitoring": "false",
                            "network_interface_id": "eni-1c8408d8",
                            "private_dns": "ip-172-31-22-164.ec2.internal",
                            "private_ip": "172.31.22.164",
                            "public_dns": "ec2-52-91-29-223.compute-1.amazonaws.com",
                            "public_ip": "52.91.29.223",
                            "root_block_device.#": "1",
                            "root_block_device.0.delete_on_termination": "true",
                            "root_block_device.0.iops": "100",
                            "root_block_device.0.volume_size": "8",
                            "root_block_device.0.volume_type": "gp2",
                            "security_groups.#": "1",
                            "security_groups.765593589": "allow_me",
                            "source_dest_check": "true",
                            "subnet_id": "subnet-75184d2e",
                            "tags.%": "0",
                            "tenancy": "default",
                            "vpc_security_group_ids.#": "0"
                        },
                        "meta": {
                            "schema_version": "1"
                        },
                        "tainted": true
                    },
                    "deposed": [],
                    "provider": ""
                },
                "aws_security_group.allow_me": {
                    "type": "aws_security_group",
                    "depends_on": [],
                    "primary": {
                        "id": "sg-75a5e309",
                        "attributes": {
                            "description": "Allow me to access",
                            "egress.#": "1",
                            "egress.482069346.cidr_blocks.#": "1",
                            "egress.482069346.cidr_blocks.0": "0.0.0.0/0",
                            "egress.482069346.from_port": "0",
                            "egress.482069346.prefix_list_ids.#": "0",
                            "egress.482069346.protocol": "-1",
                            "egress.482069346.security_groups.#": "0",
                            "egress.482069346.self": "false",
                            "egress.482069346.to_port": "0",
                            "id": "sg-75a5e309",
                            "ingress.#": "1",
                            "ingress.2566545710.cidr_blocks.#": "1",
                            "ingress.2566545710.cidr_blocks.0": "67.169.94.5/32",
                            "ingress.2566545710.from_port": "22",
                            "ingress.2566545710.protocol": "tcp",
                            "ingress.2566545710.security_groups.#": "0",
                            "ingress.2566545710.self": "false",
                            "ingress.2566545710.to_port": "22",
                            "name": "allow_me",
                            "owner_id": "198694036707",
                            "tags.%": "0",
                            "vpc_id": "vpc-86600de0"
                        },
                        "meta": {},
                        "tainted": false
                    },
                    "deposed": [],
                    "provider": ""
                },
                "aws_subnet.public-a": {
                    "type": "aws_subnet",
                    "depends_on": [
                        "aws_vpc.docker-vpc"
                    ],
                    "primary": {
                        "id": "subnet-da1c9cbf",
                        "attributes": {
                            "availability_zone": "us-east-1a",
                            "cidr_block": "10.69.1.0/24",
                            "id": "subnet-da1c9cbf",
                            "map_public_ip_on_launch": "true",
                            "tags.%": "0",
                            "vpc_id": "vpc-378ee251"
                        },
                        "meta": {},
                        "tainted": false
                    },
                    "deposed": [],
                    "provider": ""
                },
                "aws_subnet.public-b": {
                    "type": "aws_subnet",
                    "depends_on": [
                        "aws_vpc.docker-vpc"
                    ],
                    "primary": {
                        "id": "subnet-37f4aa1a",
                        "attributes": {
                            "availability_zone": "us-east-1b",
                            "cidr_block": "10.69.2.0/24",
                            "id": "subnet-37f4aa1a",
                            "map_public_ip_on_launch": "true",
                            "tags.%": "0",
                            "vpc_id": "vpc-378ee251"
                        },
                        "meta": {},
                        "tainted": false
                    },
                    "deposed": [],
                    "provider": ""
                },
                "aws_vpc.docker-vpc": {
                    "type": "aws_vpc",
                    "depends_on": [],
                    "primary": {
                        "id": "vpc-378ee251",
                        "attributes": {
                            "cidr_block": "10.69.0.0/16",
                            "default_network_acl_id": "acl-75d7e513",
                            "default_route_table_id": "rtb-10379c69",
                            "default_security_group_id": "sg-7a733506",
                            "dhcp_options_id": "dopt-14086773",
                            "enable_classiclink": "false",
                            "enable_dns_hostnames": "true",
                            "enable_dns_support": "true",
                            "id": "vpc-378ee251",
                            "instance_tenancy": "default",
                            "main_route_table_id": "rtb-10379c69",
                            "tags.%": "2",
                            "tags.Name": "Docker VPC",
                            "tags.Project": "docker-vpc"
                        },
                        "meta": {},
                        "tainted": false
                    },
                    "deposed": [],
                    "provider": ""
                }
            },
            "depends_on": []
        }
    ]
}
